
Microsoft Visual Studio Solution File, Format Version 12.00
# Visual Studio Version 16
VisualStudioVersion = 16.0.32002.261
MinimumVisualStudioVersion = 10.0.40219.1
Project("{FAE04EC0-301F-11D3-BF4B-00C04F79EFBC}") = "MakaleWebProjesi", "MakaleWebProjesi\MakaleWebProjesi.csproj", "{091E6FFA-2015-45E5-AC78-41539CC6F7E9}"
EndProject
Project("{FAE04EC0-301F-11D3-BF4B-00C04F79EFBC}") = "Makale.Entities", "Makale.Entities\Makale.Entities.csproj", "{ABC2ED9B-7B3B-4A2E-B23A-0FE3552B2F4B}"
EndProject
Project("{FAE04EC0-301F-11D3-BF4B-00C04F79EFBC}") = "Makale.DataAccessLayer", "Makale.DataAccessLayer\Makale.DataAccessLayer.csproj", "{DAC3D2B3-512B-4D33-AF45-D3ADFF5B82D8}"
EndProject
Project("{FAE04EC0-301F-11D3-BF4B-00C04F79EFBC}") = "Makale.BusinessLayer", "Makale.BusinessLayer\Makale.BusinessLayer.csproj", "{3F4F42A6-356B-451E-89C5-D671B31391D2}"
EndProject
Project("{FAE04EC0-301F-11D3-BF4B-00C04F79EFBC}") = "Makale.Common", "Makale.Common\Makale.Common.csproj", "{F3490CA9-82BA-4E85-A5F8-F9612F59DB72}"
EndProject
Global
	GlobalSection(SolutionConfigurationPlatforms) = preSolution
		Debug|Any CPU = Debug|Any CPU
		Release|Any CPU = Release|Any CPU
	EndGlobalSection
	GlobalSection(ProjectConfigurationPlatforms) = postSolution
		{091E6FFA-2015-45E5-AC78-41539CC6F7E9}.Debug|Any CPU.ActiveCfg = Debug|Any CPU
		{091E6FFA-2015-45E5-AC78-41539CC6F7E9}.Debug|Any CPU.Build.0 = Debug|Any CPU
		{091E6FFA-2015-45E5-AC78-41539CC6F7E9}.Release|Any CPU.ActiveCfg = Release|Any CPU
		{091E6FFA-2015-45E5-AC78-41539CC6F7E9}.Release|Any CPU.Build.0 = Release|Any CPU
		{ABC2ED9B-7B3B-4A2E-B23A-0FE3552B2F4B}.Debug|Any CPU.ActiveCfg = Debug|Any CPU
		{ABC2ED9B-7B3B-4A2E-B23A-0FE3552B2F4B}.Debug|Any CPU.Build.0 = Debug|Any CPU
		{ABC2ED9B-7B3B-4A2E-B23A-0FE3552B2F4B}.Release|Any CPU.ActiveCfg = Release|Any CPU
		{ABC2ED9B-7B3B-4A2E-B23A-0FE3552B2F4B}.Release|Any CPU.Build.0 = Release|Any CPU
		{DAC3D2B3-512B-4D33-AF45-D3ADFF5B82D8}.Debug|Any CPU.ActiveCfg = Debug|Any CPU
		{DAC3D2B3-512B-4D33-AF45-D3ADFF5B82D8}.Debug|Any CPU.Build.0 = Debug|Any CPU
		{DAC3D2B3-512B-4D33-AF45-D3ADFF5B82D8}.Release|Any CPU.ActiveCfg = Release|Any CPU
		{DAC3D2B3-512B-4D33-AF45-D3ADFF5B82D8}.Release|Any CPU.Build.0 = Release|Any CPU
		{3F4F42A6-356B-451E-89C5-D671B31391D2}.Debug|Any CPU.ActiveCfg = Debug|Any CPU
		{3F4F42A6-356B-451E-89C5-D671B31391D2}.Debug|Any CPU.Build.0 = Debug|Any CPU
		{3F4F42A6-356B-451E-89C5-D671B31391D2}.Release|Any CPU.ActiveCfg = Release|Any CPU
		{3F4F42A6-356B-451E-89C5-D671B31391D2}.Release|Any CPU.Build.0 = Release|Any CPU
		{F3490CA9-82BA-4E85-A5F8-F9612F59DB72}.Debug|Any CPU.ActiveCfg = Debug|Any CPU
		{F3490CA9-82BA-4E85-A5F8-F9612F59DB72}.Debug|Any CPU.Build.0 = Debug|Any CPU
		{F3490CA9-82BA-4E85-A5F8-F9612F59DB72}.Release|Any CPU.ActiveCfg = Release|Any CPU
		{F3490CA9-82BA-4E85-A5F8-F9612F59DB72}.Release|Any CPU.Build.0 = Release|Any CPU
	EndGlobalSection
	GlobalSection(SolutionProperties) = preSolution
		HideSolutionNode = FALSE
	EndGlobalSection
	GlobalSection(ExtensibilityGlobals) = postSolution
		SolutionGuid = {9F9A8AEC-A8A3-4DC7-8D27-ABEBA4A65A7F}
	EndGlobalSection
EndGlobal
